
Microsoft Visual Studio Solution File, Format Version 12.00
# Visual Studio 15
VisualStudioVersion = 15.0.27428.2037
MinimumVisualStudioVersion = 10.0.40219.1
Project("{FAE04EC0-301F-11D3-BF4B-00C04F79EFBC}") = "ConsoleApp1", "ConsoleApp1\ConsoleApp1.csproj", "{A57AA9D9-5ADD-4E5A-951F-39D4AA6B4FC2}"
EndProject
Global
	GlobalSection(SolutionConfigurationPlatforms) = preSolution
		Debug|Any CPU = Debug|Any CPU
		Release|Any CPU = Release|Any CPU
	EndGlobalSection
	GlobalSection(ProjectConfigurationPlatforms) = postSolution
		{A57AA9D9-5ADD-4E5A-951F-39D4AA6B4FC2}.Debug|Any CPU.ActiveCfg = Debug|Any CPU
		{A57AA9D9-5ADD-4E5A-951F-39D4AA6B4FC2}.Debug|Any CPU.Build.0 = Debug|Any CPU
		{A57AA9D9-5ADD-4E5A-951F-39D4AA6B4FC2}.Release|Any CPU.ActiveCfg = Release|Any CPU
		{A57AA9D9-5ADD-4E5A-951F-39D4AA6B4FC2}.Release|Any CPU.Build.0 = Release|Any CPU
	EndGlobalSection
	GlobalSection(SolutionProperties) = preSolution
		HideSolutionNode = FALSE
	EndGlobalSection
	GlobalSection(ExtensibilityGlobals) = postSolution
		SolutionGuid = {E0956AAC-1AE2-42C3-A4CA-BB18B3C5EC36}
	EndGlobalSection
EndGlobal
